
Microsoft Visual Studio Solution File, Format Version 12.00
# Visual Studio Version 16
VisualStudioVersion = 16.0.31424.327
MinimumVisualStudioVersion = 10.0.40219.1
Project("{FAE04EC0-301F-11D3-BF4B-00C04F79EFBC}") = "AzureAppServiceDeployment", "AzureAppServiceDeployment\AzureAppServiceDeployment.csproj", "{6A70A32D-F494-407E-B8D5-76B941E27EDD}"
EndProject
Global
	GlobalSection(SolutionConfigurationPlatforms) = preSolution
		Debug|Any CPU = Debug|Any CPU
		Release|Any CPU = Release|Any CPU
	EndGlobalSection
	GlobalSection(ProjectConfigurationPlatforms) = postSolution
		{6A70A32D-F494-407E-B8D5-76B941E27EDD}.Debug|Any CPU.ActiveCfg = Debug|Any CPU
		{6A70A32D-F494-407E-B8D5-76B941E27EDD}.Debug|Any CPU.Build.0 = Debug|Any CPU
		{6A70A32D-F494-407E-B8D5-76B941E27EDD}.Release|Any CPU.ActiveCfg = Release|Any CPU
		{6A70A32D-F494-407E-B8D5-76B941E27EDD}.Release|Any CPU.Build.0 = Release|Any CPU
	EndGlobalSection
	GlobalSection(SolutionProperties) = preSolution
		HideSolutionNode = FALSE
	EndGlobalSection
	GlobalSection(ExtensibilityGlobals) = postSolution
		SolutionGuid = {50F7A43F-D69E-46B0-9E05-45EF172C339A}
	EndGlobalSection
EndGlobal
